{
  "name": "@uzllm/apps",
  "version": "0.1.0",
  "lockfileVersion": 3,
  "requires": true,
  "packages": {
    "": {
      "name": "@uzllm/apps",
      "version": "0.1.0",
      "workspaces": [
        "dashboard",
        "admin"
      ]
    },
    "../packages/api-client": {
      "name": "@uzllm/api-client",
      "version": "0.1.0"
    },
    "admin": {
      "name": "@uzllm/admin",
      "version": "0.1.0",
      "dependencies": {
        "@uzllm/api-client": "file:../../packages/api-client",
        "react": "^19.3.0",
        "react-dom": "^19.3.0"
      },
      "devDependencies": {
        "@types/react": "^19.2.18",
        "@types/react-dom": "^19.2.7",
        "@vitejs/plugin-react": "^6.1.1",
        "typescript": "~6.0.2",
        "vite": "^8.3.1"
      }
    },
    "admin/node_modules/@oxc-project/types": {
      "version": "0.151.0",
      "dev": true,
      "license": "MIT",
      "funding": {
        "url": "https://github.com/sponsors/oxc-project"
      }
    },
    "admin/node_modules/@rolldown/binding-win32-x64-msvc": {
      "version": "1.2.11",
      "cpu": [
        "x64"
      ],
      "dev": true,
      "license": "MIT",
      "optional": true,
      "os": [
        "win32"
      ],
      "engines": {
        "node": "^20.19.0 || >=22.12.0"
      }
    },
    "admin/node_modules/@rolldown/pluginutils": {
      "version": "1.0.1",
      "dev": true,
      "license": "MIT"
    },
    "admin/node_modules/@types/react": {
      "version": "19.3.0",
      "dev": true,
      "license": "MIT",
      "dependencies": {
        "csstype": "^3.2.2"
      }
    },
    "admin/node_modules/@types/react-dom": {
      "version": "19.3.0",
      "dev": true,
      "license": "MIT",
      "peerDependencies": {
        "@types/react": "^19.3.0"
      }
    },
    "admin/node_modules/@uzllm/api-client": {
      "resolved": "../packages/api-client",
      "link": true
    },
    "admin/node_modules/@vitejs/plugin-react": {
      "version": "6.1.1",
      "dev": true,
      "license": "MIT",
      "dependencies": {
        "@rolldown/pluginutils": "^1.0.1"
      },
      "engines": {
        "node": "^20.19.0 || >=22.12.0"
      },
      "peerDependencies": {
        "@rolldown/plugin-babel": "^0.1.7 || ^0.2.0",
        "babel-plugin-react-compiler": "^1.0.0",
        "oxc-transform-react": "^0.145.0",
        "vite": "^8.0.0"
      },
      "peerDependenciesMeta": {
        "@rolldown/plugin-babel": {
          "optional": true
        },
        "babel-plugin-react-compiler": {
          "optional": true
        },
        "oxc-transform-react": {
          "optional": true
        }
      }
    },
    "admin/node_modules/csstype": {
      "version": "3.2.3",
      "dev": true,
      "license": "MIT"
    },
    "admin/node_modules/detect-libc": {
      "version": "2.1.2",
      "dev": true,
      "license": "Apache-2.0",
      "engines": {
        "node": ">=8"
      }
    },
    "admin/node_modules/fdir": {
      "version": "6.5.0",
      "dev": true,
      "license": "MIT",
      "engines": {
        "node": ">=12.0.0"
      },
      "peerDependencies": {
        "picomatch": "^3 || ^4"
      },
      "peerDependenciesMeta": {
        "picomatch": {
          "optional": true
        }
      }
    },
    "admin/node_modules/lightningcss": {
      "version": "1.33.0",
      "dev": true,
      "license": "MPL-2.0",
      "dependencies": {
        "detect-libc": "^2.0.3"
      },
      "engines": {
        "node": ">= 12.0.0"
      },
      "funding": {
        "type": "opencollective",
        "url": "https://opencollective.com/parcel"
      },
      "optionalDependencies": {
        "lightningcss-android-arm64": "1.33.0",
        "lightningcss-darwin-arm64": "1.33.0",
        "lightningcss-darwin-x64": "1.33.0",
        "lightningcss-freebsd-x64": "1.33.0",
        "lightningcss-linux-arm-gnueabihf": "1.33.0",
        "lightningcss-linux-arm64-gnu": "1.33.0",
        "lightningcss-linux-arm64-musl": "1.33.0",
        "lightningcss-linux-x64-gnu": "1.33.0",
        "lightningcss-linux-x64-musl": "1.33.0",
        "lightningcss-win32-arm64-msvc": "1.33.0",
        "lightningcss-win32-x64-msvc": "1.33.0"
      }
    },
    "admin/node_modules/lightningcss-win32-x64-msvc": {
      "version": "1.33.0",
      "cpu": [
        "x64"
      ],
      "dev": true,
      "license": "MPL-2.0",
      "optional": true,
      "os": [
        "win32"
      ],
      "engines": {
        "node": ">= 12.0.0"
      },
      "funding": {
        "type": "opencollective",
        "url": "https://opencollective.com/parcel"
      }
    },
    "admin/node_modules/nanoid": {
      "version": "3.3.19",
      "dev": true,
      "funding": [
        {
          "type": "github",
          "url": "https://github.com/sponsors/ai"
        }
      ],
      "license": "MIT",
      "bin": {
        "nanoid": "bin/nanoid.cjs"
      },
      "engines": {
        "node": "^10 || ^12 || ^13.7 || ^14 || >=15.0.1"
      }
    },
    "admin/node_modules/picocolors": {
      "version": "1.1.1",
      "dev": true,
      "license": "ISC"
    },
    "admin/node_modules/picomatch": {
      "version": "4.0.7",
      "dev": true,
      "license": "MIT",
      "engines": {
        "node": ">=12"
      },
      "funding": {
        "url": "https://github.com/sponsors/jonschlinkert"
      }
    },
    "admin/node_modules/postcss": {
      "version": "8.5.28",
      "dev": true,
      "funding": [
        {
          "type": "opencollective",
          "url": "https://opencollective.com/postcss/"
        },
        {
          "type": "tidelift",
          "url": "https://tidelift.com/funding/github/npm/postcss"
        },
        {
          "type": "github",
          "url": "https://github.com/sponsors/ai"
        }
      ],
      "license": "MIT",
      "dependencies": {
        "nanoid": "^3.3.18",
        "picocolors": "^1.1.1",
        "source-map-js": "^1.2.1"
      },
      "engines": {
        "node": "^10 || ^12 || >=14"
      }
    },
    "admin/node_modules/react": {
      "version": "19.3.0",
      "license": "MIT",
      "engines": {
        "node": ">=0.10.0"
      }
    },
    "admin/node_modules/react-dom": {
      "version": "19.3.0",
      "license": "MIT",
      "dependencies": {
        "scheduler": "^0.28.0"
      },
      "peerDependencies": {
        "react": "^19.3.0"
      }
    },
    "admin/node_modules/rolldown": {
      "version": "1.2.11",
      "dev": true,
      "license": "MIT",
      "dependencies": {
        "@oxc-project/types": "=0.151.0",
        "@rolldown/pluginutils": "^1.0.0"
      },
      "bin": {
        "rolldown": "bin/cli.mjs"
      },
      "engines": {
        "node": "^20.19.0 || >=22.12.0"
      },
      "optionalDependencies": {
        "@rolldown/binding-android-arm-eabi": "1.2.11",
        "@rolldown/binding-android-arm64": "1.2.11",
        "@rolldown/binding-darwin-arm64": "1.2.11",
        "@rolldown/binding-darwin-x64": "1.2.11",
        "@rolldown/binding-freebsd-x64": "1.2.11",
        "@rolldown/binding-linux-arm-gnueabihf": "1.2.11",
        "@rolldown/binding-linux-arm64-gnu": "1.2.11",
        "@rolldown/binding-linux-arm64-musl": "1.2.11",
        "@rolldown/binding-linux-ppc64-gnu": "1.2.11",
        "@rolldown/binding-linux-s390x-gnu": "1.2.11",
        "@rolldown/binding-linux-x64-gnu": "1.2.11",
        "@rolldown/binding-linux-x64-musl": "1.2.11",
        "@rolldown/binding-openharmony-arm64": "1.2.11",
        "@rolldown/binding-win32-arm64-msvc": "1.2.11",
        "@rolldown/binding-win32-x64-msvc": "1.2.11"
      }
    },
    "admin/node_modules/scheduler": {
      "version": "0.28.0",
      "license": "MIT"
    },
    "admin/node_modules/source-map-js": {
      "version": "1.2.1",
      "dev": true,
      "license": "BSD-3-Clause",
      "engines": {
        "node": ">=0.10.0"
      }
    },
    "admin/node_modules/tinyglobby": {
      "version": "0.2.17",
      "dev": true,
      "license": "MIT",
      "dependencies": {
        "fdir": "^6.5.0",
        "picomatch": "^4.0.4"
      },
      "engines": {
        "node": ">=12.0.0"
      },
      "funding": {
        "url": "https://github.com/sponsors/SuperchupuDev"
      }
    },
    "admin/node_modules/typescript": {
      "version": "6.0.3",
      "dev": true,
      "license": "Apache-2.0",
      "bin": {
        "tsc": "bin/tsc",
        "tsserver": "bin/tsserver"
      },
      "engines": {
        "node": ">=14.17"
      }
    },
    "admin/node_modules/vite": {
      "version": "8.3.1",
      "dev": true,
      "license": "MIT",
      "dependencies": {
        "lightningcss": "^1.33.0",
        "picomatch": "^4.0.7",
        "postcss": "^8.5.28",
        "rolldown": "~1.2.9",
        "tinyglobby": "^0.2.17"
      },
      "bin": {
        "vite": "bin/vite.js"
      },
      "engines": {
        "node": "^20.19.0 || >=22.12.0"
      },
      "funding": {
        "url": "https://github.com/vitejs/vite?sponsor=1"
      },
      "optionalDependencies": {
        "fsevents": "~2.3.3"
      },
      "peerDependencies": {
        "@types/node": "^20.19.0 || >=22.12.0",
        "@vitejs/devtools": "^0.7.1",
        "esbuild": "^0.27.0 || ^0.28.0",
        "jiti": ">=1.21.0",
        "less": "^4.0.0",
        "sass": "^1.70.0",
        "sass-embedded": "^1.70.0",
        "stylus": ">=0.54.8",
        "sugarss": "^5.0.0",
        "terser": "^5.16.0",
        "tsx": "^4.8.1",
        "yaml": "^2.4.2"
      },
      "peerDependenciesMeta": {
        "@types/node": {
          "optional": true
        },
        "@vitejs/devtools": {
          "optional": true
        },
        "esbuild": {
          "optional": true
        },
        "jiti": {
          "optional": true
        },
        "less": {
          "optional": true
        },
        "sass": {
          "optional": true
        },
        "sass-embedded": {
          "optional": true
        },
        "stylus": {
          "optional": true
        },
        "sugarss": {
          "optional": true
        },
        "terser": {
          "optional": true
        },
        "tsx": {
          "optional": true
        },
        "yaml": {
          "optional": true
        }
      }
    },
    "dashboard": {
      "name": "@uzllm/dashboard",
      "version": "0.1.0",
      "dependencies": {
        "@tanstack/react-query": "^5.103.2",
        "@uzllm/api-client": "file:../../packages/api-client",
        "react": "^19.3.0",
        "react-dom": "^19.3.0",
        "react-router-dom": "^7.18.4"
      },
      "devDependencies": {
        "@playwright/test": "^1.63.0",
        "@types/react": "^19.2.18",
        "@types/react-dom": "^19.2.7",
        "@vitejs/plugin-react": "^6.1.1",
        "typescript": "~6.0.2",
        "vite": "^8.3.1"
      }
    },
    "dashboard/node_modules/@oxc-project/types": {
      "version": "0.151.0",
      "dev": true,
      "license": "MIT",
      "funding": {
        "url": "https://github.com/sponsors/oxc-project"
      }
    },
    "dashboard/node_modules/@playwright/test": {
      "version": "1.63.0",
      "dev": true,
      "license": "Apache-2.0",
      "dependencies": {
        "playwright": "1.63.0"
      },
      "bin": {
        "playwright": "cli.js"
      },
      "engines": {
        "node": ">=20"
      }
    },
    "dashboard/node_modules/@rolldown/binding-win32-x64-msvc": {
      "version": "1.2.11",
      "cpu": [
        "x64"
      ],
      "dev": true,
      "license": "MIT",
      "optional": true,
      "os": [
        "win32"
      ],
      "engines": {
        "node": "^20.19.0 || >=22.12.0"
      }
    },
    "dashboard/node_modules/@rolldown/pluginutils": {
      "version": "1.0.1",
      "dev": true,
      "license": "MIT"
    },
    "dashboard/node_modules/@tanstack/query-core": {
      "version": "5.103.2",
      "license": "MIT",
      "funding": {
        "type": "github",
        "url": "https://github.com/sponsors/tannerlinsley"
      }
    },
    "dashboard/node_modules/@tanstack/react-query": {
      "version": "5.103.2",
      "license": "MIT",
      "dependencies": {
        "@tanstack/query-core": "5.103.2"
      },
      "funding": {
        "type": "github",
        "url": "https://github.com/sponsors/tannerlinsley"
      },
      "peerDependencies": {
        "react": "^18 || ^19"
      }
    },
    "dashboard/node_modules/@types/react": {
      "version": "19.3.0",
      "dev": true,
      "license": "MIT",
      "dependencies": {
        "csstype": "^3.2.2"
      }
    },
    "dashboard/node_modules/@types/react-dom": {
      "version": "19.3.0",
      "dev": true,
      "license": "MIT",
      "peerDependencies": {
        "@types/react": "^19.3.0"
      }
    },
    "dashboard/node_modules/@uzllm/api-client": {
      "resolved": "../packages/api-client",
      "link": true
    },
    "dashboard/node_modules/@vitejs/plugin-react": {
      "version": "6.1.1",
      "dev": true,
      "license": "MIT",
      "dependencies": {
        "@rolldown/pluginutils": "^1.0.1"
      },
      "engines": {
        "node": "^20.19.0 || >=22.12.0"
      },
      "peerDependencies": {
        "@rolldown/plugin-babel": "^0.1.7 || ^0.2.0",
        "babel-plugin-react-compiler": "^1.0.0",
        "oxc-transform-react": "^0.145.0",
        "vite": "^8.0.0"
      },
      "peerDependenciesMeta": {
        "@rolldown/plugin-babel": {
          "optional": true
        },
        "babel-plugin-react-compiler": {
          "optional": true
        },
        "oxc-transform-react": {
          "optional": true
        }
      }
    },
    "dashboard/node_modules/cookie": {
      "version": "1.1.1",
      "license": "MIT",
      "engines": {
        "node": ">=18"
      },
      "funding": {
        "type": "opencollective",
        "url": "https://opencollective.com/express"
      }
    },
    "dashboard/node_modules/csstype": {
      "version": "3.2.3",
      "dev": true,
      "license": "MIT"
    },
    "dashboard/node_modules/detect-libc": {
      "version": "2.1.2",
      "dev": true,
      "license": "Apache-2.0",
      "engines": {
        "node": ">=8"
      }
    },
    "dashboard/node_modules/fdir": {
      "version": "6.5.0",
      "dev": true,
      "license": "MIT",
      "engines": {
        "node": ">=12.0.0"
      },
      "peerDependencies": {
        "picomatch": "^3 || ^4"
      },
      "peerDependenciesMeta": {
        "picomatch": {
          "optional": true
        }
      }
    },
    "dashboard/node_modules/lightningcss": {
      "version": "1.33.0",
      "dev": true,
      "license": "MPL-2.0",
      "dependencies": {
        "detect-libc": "^2.0.3"
      },
      "engines": {
        "node": ">= 12.0.0"
      },
      "funding": {
        "type": "opencollective",
        "url": "https://opencollective.com/parcel"
      },
      "optionalDependencies": {
        "lightningcss-android-arm64": "1.33.0",
        "lightningcss-darwin-arm64": "1.33.0",
        "lightningcss-darwin-x64": "1.33.0",
        "lightningcss-freebsd-x64": "1.33.0",
        "lightningcss-linux-arm-gnueabihf": "1.33.0",
        "lightningcss-linux-arm64-gnu": "1.33.0",
        "lightningcss-linux-arm64-musl": "1.33.0",
        "lightningcss-linux-x64-gnu": "1.33.0",
        "lightningcss-linux-x64-musl": "1.33.0",
        "lightningcss-win32-arm64-msvc": "1.33.0",
        "lightningcss-win32-x64-msvc": "1.33.0"
      }
    },
    "dashboard/node_modules/lightningcss-win32-x64-msvc": {
      "version": "1.33.0",
      "cpu": [
        "x64"
      ],
      "dev": true,
      "license": "MPL-2.0",
      "optional": true,
      "os": [
        "win32"
      ],
      "engines": {
        "node": ">= 12.0.0"
      },
      "funding": {
        "type": "opencollective",
        "url": "https://opencollective.com/parcel"
      }
    },
    "dashboard/node_modules/nanoid": {
      "version": "3.3.19",
      "dev": true,
      "funding": [
        {
          "type": "github",
          "url": "https://github.com/sponsors/ai"
        }
      ],
      "license": "MIT",
      "bin": {
        "nanoid": "bin/nanoid.cjs"
      },
      "engines": {
        "node": "^10 || ^12 || ^13.7 || ^14 || >=15.0.1"
      }
    },
    "dashboard/node_modules/picocolors": {
      "version": "1.1.1",
      "dev": true,
      "license": "ISC"
    },
    "dashboard/node_modules/picomatch": {
      "version": "4.0.7",
      "dev": true,
      "license": "MIT",
      "engines": {
        "node": ">=12"
      },
      "funding": {
        "url": "https://github.com/sponsors/jonschlinkert"
      }
    },
    "dashboard/node_modules/playwright": {
      "version": "1.63.0",
      "dev": true,
      "license": "Apache-2.0",
      "dependencies": {
        "playwright-core": "1.63.0"
      },
      "bin": {
        "playwright": "cli.js"
      },
      "engines": {
        "node": ">=20"
      }
    },
    "dashboard/node_modules/playwright-core": {
      "version": "1.63.0",
      "dev": true,
      "license": "Apache-2.0",
      "bin": {
        "playwright-core": "cli.js"
      },
      "engines": {
        "node": ">=20"
      }
    },
    "dashboard/node_modules/postcss": {
      "version": "8.5.28",
      "dev": true,
      "funding": [
        {
          "type": "opencollective",
          "url": "https://opencollective.com/postcss/"
        },
        {
          "type": "tidelift",
          "url": "https://tidelift.com/funding/github/npm/postcss"
        },
        {
          "type": "github",
          "url": "https://github.com/sponsors/ai"
        }
      ],
      "license": "MIT",
      "dependencies": {
        "nanoid": "^3.3.18",
        "picocolors": "^1.1.1",
        "source-map-js": "^1.2.1"
      },
      "engines": {
        "node": "^10 || ^12 || >=14"
      }
    },
    "dashboard/node_modules/react": {
      "version": "19.3.0",
      "license": "MIT",
      "engines": {
        "node": ">=0.10.0"
      }
    },
    "dashboard/node_modules/react-dom": {
      "version": "19.3.0",
      "license": "MIT",
      "dependencies": {
        "scheduler": "^0.28.0"
      },
      "peerDependencies": {
        "react": "^19.3.0"
      }
    },
    "dashboard/node_modules/react-router": {
      "version": "7.18.4",
      "license": "MIT",
      "dependencies": {
        "cookie": "^1.0.1",
        "set-cookie-parser": "^2.6.0"
      },
      "engines": {
        "node": ">=20.0.0"
      },
      "peerDependencies": {
        "react": ">=18",
        "react-dom": ">=18"
      },
      "peerDependenciesMeta": {
        "react-dom": {
          "optional": true
        }
      }
    },
    "dashboard/node_modules/react-router-dom": {
      "version": "7.18.4",
      "license": "MIT",
      "dependencies": {
        "react-router": "7.18.4"
      },
      "engines": {
        "node": ">=20.0.0"
      },
      "peerDependencies": {
        "react": ">=18",
        "react-dom": ">=18"
      }
    },
    "dashboard/node_modules/rolldown": {
      "version": "1.2.11",
      "dev": true,
      "license": "MIT",
      "dependencies": {
        "@oxc-project/types": "=0.151.0",
        "@rolldown/pluginutils": "^1.0.0"
      },
      "bin": {
        "rolldown": "bin/cli.mjs"
      },
      "engines": {
        "node": "^20.19.0 || >=22.12.0"
      },
      "optionalDependencies": {
        "@rolldown/binding-android-arm-eabi": "1.2.11",
        "@rolldown/binding-android-arm64": "1.2.11",
        "@rolldown/binding-darwin-arm64": "1.2.11",
        "@rolldown/binding-darwin-x64": "1.2.11",
        "@rolldown/binding-freebsd-x64": "1.2.11",
        "@rolldown/binding-linux-arm-gnueabihf": "1.2.11",
        "@rolldown/binding-linux-arm64-gnu": "1.2.11",
        "@rolldown/binding-linux-arm64-musl": "1.2.11",
        "@rolldown/binding-linux-ppc64-gnu": "1.2.11",
        "@rolldown/binding-linux-s390x-gnu": "1.2.11",
        "@rolldown/binding-linux-x64-gnu": "1.2.11",
        "@rolldown/binding-linux-x64-musl": "1.2.11",
        "@rolldown/binding-openharmony-arm64": "1.2.11",
        "@rolldown/binding-win32-arm64-msvc": "1.2.11",
        "@rolldown/binding-win32-x64-msvc": "1.2.11"
      }
    },
    "dashboard/node_modules/scheduler": {
      "version": "0.28.0",
      "license": "MIT"
    },
    "dashboard/node_modules/set-cookie-parser": {
      "version": "2.7.2",
      "license": "MIT"
    },
    "dashboard/node_modules/source-map-js": {
      "version": "1.2.1",
      "dev": true,
      "license": "BSD-3-Clause",
      "engines": {
        "node": ">=0.10.0"
      }
    },
    "dashboard/node_modules/tinyglobby": {
      "version": "0.2.17",
      "dev": true,
      "license": "MIT",
      "dependencies": {
        "fdir": "^6.5.0",
        "picomatch": "^4.0.4"
      },
      "engines": {
        "node": ">=12.0.0"
      },
      "funding": {
        "url": "https://github.com/sponsors/SuperchupuDev"
      }
    },
    "dashboard/node_modules/typescript": {
      "version": "6.0.3",
      "dev": true,
      "license": "Apache-2.0",
      "bin": {
        "tsc": "bin/tsc",
        "tsserver": "bin/tsserver"
      },
      "engines": {
        "node": ">=14.17"
      }
    },
    "dashboard/node_modules/vite": {
      "version": "8.3.1",
      "dev": true,
      "license": "MIT",
      "dependencies": {
        "lightningcss": "^1.33.0",
        "picomatch": "^4.0.7",
        "postcss": "^8.5.28",
        "rolldown": "~1.2.9",
        "tinyglobby": "^0.2.17"
      },
      "bin": {
        "vite": "bin/vite.js"
      },
      "engines": {
        "node": "^20.19.0 || >=22.12.0"
      },
      "funding": {
        "url": "https://github.com/vitejs/vite?sponsor=1"
      },
      "optionalDependencies": {
        "fsevents": "~2.3.3"
      },
      "peerDependencies": {
        "@types/node": "^20.19.0 || >=22.12.0",
        "@vitejs/devtools": "^0.7.1",
        "esbuild": "^0.27.0 || ^0.28.0",
        "jiti": ">=1.21.0",
        "less": "^4.0.0",
        "sass": "^1.70.0",
        "sass-embedded": "^1.70.0",
        "stylus": ">=0.54.8",
        "sugarss": "^5.0.0",
        "terser": "^5.16.0",
        "tsx": "^4.8.1",
        "yaml": "^2.4.2"
      },
      "peerDependenciesMeta": {
        "@types/node": {
          "optional": true
        },
        "@vitejs/devtools": {
          "optional": true
        },
        "esbuild": {
          "optional": true
        },
        "jiti": {
          "optional": true
        },
        "less": {
          "optional": true
        },
        "sass": {
          "optional": true
        },
        "sass-embedded": {
          "optional": true
        },
        "stylus": {
          "optional": true
        },
        "sugarss": {
          "optional": true
        },
        "terser": {
          "optional": true
        },
        "tsx": {
          "optional": true
        },
        "yaml": {
          "optional": true
        }
      }
    },
    "node_modules/@uzllm/admin": {
      "resolved": "admin",
      "link": true
    },
    "node_modules/@uzllm/dashboard": {
      "resolved": "dashboard",
      "link": true
    }
  }
}
